
Microsoft Visual Studio Solution File, Format Version 12.00
# Visual Studio Version 17
VisualStudioVersion = 17.9.34723.18
MinimumVisualStudioVersion = 10.0.40219.1
Project("{FAE04EC0-301F-11D3-BF4B-00C04F79EFBC}") = "dotNetStore", "dotNetStore.csproj", "{168B5A8A-ED93-4FED-972D-74E2A1F0CE06}"
EndProject
Global
	GlobalSection(SolutionConfigurationPlatforms) = preSolution
		Debug|Any CPU = Debug|Any CPU
		Release|Any CPU = Release|Any CPU
	EndGlobalSection
	GlobalSection(ProjectConfigurationPlatforms) = postSolution
		{168B5A8A-ED93-4FED-972D-74E2A1F0CE06}.Debug|Any CPU.ActiveCfg = Debug|Any CPU
		{168B5A8A-ED93-4FED-972D-74E2A1F0CE06}.Debug|Any CPU.Build.0 = Debug|Any CPU
		{168B5A8A-ED93-4FED-972D-74E2A1F0CE06}.Release|Any CPU.ActiveCfg = Release|Any CPU
		{168B5A8A-ED93-4FED-972D-74E2A1F0CE06}.Release|Any CPU.Build.0 = Release|Any CPU
	EndGlobalSection
	GlobalSection(SolutionProperties) = preSolution
		HideSolutionNode = FALSE
	EndGlobalSection
	GlobalSection(ExtensibilityGlobals) = postSolution
		SolutionGuid = {DA502C1F-9DC5-4B1D-9509-F42369EDE5E1}
	EndGlobalSection
EndGlobal
